
Microsoft Visual Studio Solution File, Format Version 12.00
# Visual Studio Version 16
VisualStudioVersion = 16.0.32802.440
MinimumVisualStudioVersion = 10.0.40219.1
Project("{FAE04EC0-301F-11D3-BF4B-00C04F79EFBC}") = "ClothBazar.Web", "ClothBazar.Web\ClothBazar.Web.csproj", "{2C470621-D169-4191-A97A-070F71C44CAE}"
EndProject
Project("{FAE04EC0-301F-11D3-BF4B-00C04F79EFBC}") = "ClothBazar.Entities", "ClothBazar.Entities\ClothBazar.Entities.csproj", "{F060428F-7337-4D0D-9D9E-5B30AAF4429E}"
EndProject
Project("{FAE04EC0-301F-11D3-BF4B-00C04F79EFBC}") = "ClothBazar.Database", "ClothBazar.Database\ClothBazar.Database.csproj", "{271E24CE-6DBF-4880-A1CE-4CA97EDCCE90}"
EndProject
Project("{FAE04EC0-301F-11D3-BF4B-00C04F79EFBC}") = "ClothBazar.Services", "ClothBazar.Services\ClothBazar.Services.csproj", "{5457049F-E29E-46E9-81CD-E50BEDBD0332}"
EndProject
Global
	GlobalSection(SolutionConfigurationPlatforms) = preSolution
		Debug|Any CPU = Debug|Any CPU
		Release|Any CPU = Release|Any CPU
	EndGlobalSection
	GlobalSection(ProjectConfigurationPlatforms) = postSolution
		{2C470621-D169-4191-A97A-070F71C44CAE}.Debug|Any CPU.ActiveCfg = Debug|Any CPU
		{2C470621-D169-4191-A97A-070F71C44CAE}.Debug|Any CPU.Build.0 = Debug|Any CPU
		{2C470621-D169-4191-A97A-070F71C44CAE}.Release|Any CPU.ActiveCfg = Release|Any CPU
		{2C470621-D169-4191-A97A-070F71C44CAE}.Release|Any CPU.Build.0 = Release|Any CPU
		{F060428F-7337-4D0D-9D9E-5B30AAF4429E}.Debug|Any CPU.ActiveCfg = Debug|Any CPU
		{F060428F-7337-4D0D-9D9E-5B30AAF4429E}.Debug|Any CPU.Build.0 = Debug|Any CPU
		{F060428F-7337-4D0D-9D9E-5B30AAF4429E}.Release|Any CPU.ActiveCfg = Release|Any CPU
		{F060428F-7337-4D0D-9D9E-5B30AAF4429E}.Release|Any CPU.Build.0 = Release|Any CPU
		{271E24CE-6DBF-4880-A1CE-4CA97EDCCE90}.Debug|Any CPU.ActiveCfg = Debug|Any CPU
		{271E24CE-6DBF-4880-A1CE-4CA97EDCCE90}.Debug|Any CPU.Build.0 = Debug|Any CPU
		{271E24CE-6DBF-4880-A1CE-4CA97EDCCE90}.Release|Any CPU.ActiveCfg = Release|Any CPU
		{271E24CE-6DBF-4880-A1CE-4CA97EDCCE90}.Release|Any CPU.Build.0 = Release|Any CPU
		{5457049F-E29E-46E9-81CD-E50BEDBD0332}.Debug|Any CPU.ActiveCfg = Debug|Any CPU
		{5457049F-E29E-46E9-81CD-E50BEDBD0332}.Debug|Any CPU.Build.0 = Debug|Any CPU
		{5457049F-E29E-46E9-81CD-E50BEDBD0332}.Release|Any CPU.ActiveCfg = Release|Any CPU
		{5457049F-E29E-46E9-81CD-E50BEDBD0332}.Release|Any CPU.Build.0 = Release|Any CPU
	EndGlobalSection
	GlobalSection(SolutionProperties) = preSolution
		HideSolutionNode = FALSE
	EndGlobalSection
	GlobalSection(ExtensibilityGlobals) = postSolution
		SolutionGuid = {6BCD80B4-0F45-4947-81EE-3FC5AF8F49BD}
	EndGlobalSection
EndGlobal
